
Microsoft Visual Studio Solution File, Format Version 12.00
# Visual Studio Version 17
VisualStudioVersion = 17.5.33516.290
MinimumVisualStudioVersion = 10.0.40219.1
Project("{9A19103F-16F7-4668-BE54-9A1E7A4F7556}") = "pz_01", "pz_01\pz_01.csproj", "{DD9C4042-7982-46A6-B857-2B61886D7E5F}"
EndProject
Project("{9A19103F-16F7-4668-BE54-9A1E7A4F7556}") = "pz_02", "pz_02\pz_02.csproj", "{6B38FEDB-FD72-4982-9C7D-9D759F7EB56B}"
EndProject
Project("{9A19103F-16F7-4668-BE54-9A1E7A4F7556}") = "pz_03", "pz_03\pz_03.csproj", "{562BA75C-9D2B-40C6-806A-82576D912046}"
EndProject
Project("{9A19103F-16F7-4668-BE54-9A1E7A4F7556}") = "pz_04", "pz_04\pz_04.csproj", "{572607DD-E267-4D5E-9D5A-778FDE288394}"
EndProject
Project("{9A19103F-16F7-4668-BE54-9A1E7A4F7556}") = "pz_05", "pz_05\pz_05.csproj", "{71AA7A7E-46D5-4DFE-A4F9-29B59DEF8912}"
EndProject
Project("{9A19103F-16F7-4668-BE54-9A1E7A4F7556}") = "pz_06", "pz_06\pz_06.csproj", "{9F58F65A-5ABC-4828-B421-A6453C54AC41}"
EndProject
Project("{9A19103F-16F7-4668-BE54-9A1E7A4F7556}") = "pz_07", "pz_07\pz_07.csproj", "{3A27D2BB-24E5-4821-95C1-DDAB9521CDF6}"
EndProject
Project("{9A19103F-16F7-4668-BE54-9A1E7A4F7556}") = "pz_09", "pz_09\pz_09.csproj", "{66754704-8CCE-4CB7-8218-E41C64772B44}"
EndProject
Project("{FAE04EC0-301F-11D3-BF4B-00C04F79EFBC}") = "pz_10", "pz_10\pz_10.csproj", "{61703ED5-230E-451A-9679-CC7A3E18FD6B}"
EndProject
Project("{FAE04EC0-301F-11D3-BF4B-00C04F79EFBC}") = "pz_11", "pz_11\pz_11.csproj", "{01A43771-7D5C-4F7D-BAC2-6B003A2A4A30}"
EndProject
Project("{FAE04EC0-301F-11D3-BF4B-00C04F79EFBC}") = "pz_12", "pz_12\pz_12.csproj", "{F3527BA1-3217-41B2-BCF8-8401CEC91A3D}"
EndProject
Project("{FAE04EC0-301F-11D3-BF4B-00C04F79EFBC}") = "pz_13", "pz_13\pz_13.csproj", "{55AECCD4-F684-4291-90A0-A1CB104BAAC3}"
EndProject
Global
	GlobalSection(SolutionConfigurationPlatforms) = preSolution
		Debug|Any CPU = Debug|Any CPU
		Release|Any CPU = Release|Any CPU
	EndGlobalSection
	GlobalSection(ProjectConfigurationPlatforms) = postSolution
		{DD9C4042-7982-46A6-B857-2B61886D7E5F}.Debug|Any CPU.ActiveCfg = Debug|Any CPU
		{DD9C4042-7982-46A6-B857-2B61886D7E5F}.Debug|Any CPU.Build.0 = Debug|Any CPU
		{DD9C4042-7982-46A6-B857-2B61886D7E5F}.Release|Any CPU.ActiveCfg = Release|Any CPU
		{DD9C4042-7982-46A6-B857-2B61886D7E5F}.Release|Any CPU.Build.0 = Release|Any CPU
		{6B38FEDB-FD72-4982-9C7D-9D759F7EB56B}.Debug|Any CPU.ActiveCfg = Debug|Any CPU
		{6B38FEDB-FD72-4982-9C7D-9D759F7EB56B}.Debug|Any CPU.Build.0 = Debug|Any CPU
		{6B38FEDB-FD72-4982-9C7D-9D759F7EB56B}.Release|Any CPU.ActiveCfg = Release|Any CPU
		{6B38FEDB-FD72-4982-9C7D-9D759F7EB56B}.Release|Any CPU.Build.0 = Release|Any CPU
		{562BA75C-9D2B-40C6-806A-82576D912046}.Debug|Any CPU.ActiveCfg = Debug|Any CPU
		{562BA75C-9D2B-40C6-806A-82576D912046}.Debug|Any CPU.Build.0 = Debug|Any CPU
		{562BA75C-9D2B-40C6-806A-82576D912046}.Release|Any CPU.ActiveCfg = Release|Any CPU
		{562BA75C-9D2B-40C6-806A-82576D912046}.Release|Any CPU.Build.0 = Release|Any CPU
		{572607DD-E267-4D5E-9D5A-778FDE288394}.Debug|Any CPU.ActiveCfg = Debug|Any CPU
		{572607DD-E267-4D5E-9D5A-778FDE288394}.Debug|Any CPU.Build.0 = Debug|Any CPU
		{572607DD-E267-4D5E-9D5A-778FDE288394}.Release|Any CPU.ActiveCfg = Release|Any CPU
		{572607DD-E267-4D5E-9D5A-778FDE288394}.Release|Any CPU.Build.0 = Release|Any CPU
		{71AA7A7E-46D5-4DFE-A4F9-29B59DEF8912}.Debug|Any CPU.ActiveCfg = Debug|Any CPU
		{71AA7A7E-46D5-4DFE-A4F9-29B59DEF8912}.Debug|Any CPU.Build.0 = Debug|Any CPU
		{71AA7A7E-46D5-4DFE-A4F9-29B59DEF8912}.Release|Any CPU.ActiveCfg = Release|Any CPU
		{71AA7A7E-46D5-4DFE-A4F9-29B59DEF8912}.Release|Any CPU.Build.0 = Release|Any CPU
		{9F58F65A-5ABC-4828-B421-A6453C54AC41}.Debug|Any CPU.ActiveCfg = Debug|Any CPU
		{9F58F65A-5ABC-4828-B421-A6453C54AC41}.Debug|Any CPU.Build.0 = Debug|Any CPU
		{9F58F65A-5ABC-4828-B421-A6453C54AC41}.Release|Any CPU.ActiveCfg = Release|Any CPU
		{9F58F65A-5ABC-4828-B421-A6453C54AC41}.Release|Any CPU.Build.0 = Release|Any CPU
		{3A27D2BB-24E5-4821-95C1-DDAB9521CDF6}.Debug|Any CPU.ActiveCfg = Debug|Any CPU
		{3A27D2BB-24E5-4821-95C1-DDAB9521CDF6}.Debug|Any CPU.Build.0 = Debug|Any CPU
		{3A27D2BB-24E5-4821-95C1-DDAB9521CDF6}.Release|Any CPU.ActiveCfg = Release|Any CPU
		{3A27D2BB-24E5-4821-95C1-DDAB9521CDF6}.Release|Any CPU.Build.0 = Release|Any CPU
		{66754704-8CCE-4CB7-8218-E41C64772B44}.Debug|Any CPU.ActiveCfg = Debug|Any CPU
		{66754704-8CCE-4CB7-8218-E41C64772B44}.Debug|Any CPU.Build.0 = Debug|Any CPU
		{66754704-8CCE-4CB7-8218-E41C64772B44}.Release|Any CPU.ActiveCfg = Release|Any CPU
		{66754704-8CCE-4CB7-8218-E41C64772B44}.Release|Any CPU.Build.0 = Release|Any CPU
		{61703ED5-230E-451A-9679-CC7A3E18FD6B}.Debug|Any CPU.ActiveCfg = Debug|Any CPU
		{61703ED5-230E-451A-9679-CC7A3E18FD6B}.Debug|Any CPU.Build.0 = Debug|Any CPU
		{61703ED5-230E-451A-9679-CC7A3E18FD6B}.Release|Any CPU.ActiveCfg = Release|Any CPU
		{61703ED5-230E-451A-9679-CC7A3E18FD6B}.Release|Any CPU.Build.0 = Release|Any CPU
		{01A43771-7D5C-4F7D-BAC2-6B003A2A4A30}.Debug|Any CPU.ActiveCfg = Debug|Any CPU
		{01A43771-7D5C-4F7D-BAC2-6B003A2A4A30}.Debug|Any CPU.Build.0 = Debug|Any CPU
		{01A43771-7D5C-4F7D-BAC2-6B003A2A4A30}.Release|Any CPU.ActiveCfg = Release|Any CPU
		{01A43771-7D5C-4F7D-BAC2-6B003A2A4A30}.Release|Any CPU.Build.0 = Release|Any CPU
		{F3527BA1-3217-41B2-BCF8-8401CEC91A3D}.Debug|Any CPU.ActiveCfg = Debug|Any CPU
		{F3527BA1-3217-41B2-BCF8-8401CEC91A3D}.Debug|Any CPU.Build.0 = Debug|Any CPU
		{F3527BA1-3217-41B2-BCF8-8401CEC91A3D}.Release|Any CPU.ActiveCfg = Release|Any CPU
		{F3527BA1-3217-41B2-BCF8-8401CEC91A3D}.Release|Any CPU.Build.0 = Release|Any CPU
		{55AECCD4-F684-4291-90A0-A1CB104BAAC3}.Debug|Any CPU.ActiveCfg = Debug|Any CPU
		{55AECCD4-F684-4291-90A0-A1CB104BAAC3}.Debug|Any CPU.Build.0 = Debug|Any CPU
		{55AECCD4-F684-4291-90A0-A1CB104BAAC3}.Release|Any CPU.ActiveCfg = Release|Any CPU
		{55AECCD4-F684-4291-90A0-A1CB104BAAC3}.Release|Any CPU.Build.0 = Release|Any CPU
	EndGlobalSection
	GlobalSection(SolutionProperties) = preSolution
		HideSolutionNode = FALSE
	EndGlobalSection
	GlobalSection(ExtensibilityGlobals) = postSolution
		SolutionGuid = {452A2CD3-9099-4506-BF24-3C2353563583}
	EndGlobalSection
EndGlobal
